
Microsoft Visual Studio Solution File, Format Version 12.00
# Visual Studio 15
VisualStudioVersion = 15.0.28307.852
MinimumVisualStudioVersion = 10.0.40219.1
Project("{FAE04EC0-301F-11D3-BF4B-00C04F79EFBC}") = "BobClient", "BobClient\BobClient.csproj", "{AD663FFE-FA0E-4B73-9B0F-3CC0E5C656F5}"
EndProject
Global
	GlobalSection(SolutionConfigurationPlatforms) = preSolution
		Debug|Any CPU = Debug|Any CPU
		Release|Any CPU = Release|Any CPU
	EndGlobalSection
	GlobalSection(ProjectConfigurationPlatforms) = postSolution
		{AD663FFE-FA0E-4B73-9B0F-3CC0E5C656F5}.Debug|Any CPU.ActiveCfg = Debug|Any CPU
		{AD663FFE-FA0E-4B73-9B0F-3CC0E5C656F5}.Debug|Any CPU.Build.0 = Debug|Any CPU
		{AD663FFE-FA0E-4B73-9B0F-3CC0E5C656F5}.Release|Any CPU.ActiveCfg = Release|Any CPU
		{AD663FFE-FA0E-4B73-9B0F-3CC0E5C656F5}.Release|Any CPU.Build.0 = Release|Any CPU
	EndGlobalSection
	GlobalSection(SolutionProperties) = preSolution
		HideSolutionNode = FALSE
	EndGlobalSection
	GlobalSection(ExtensibilityGlobals) = postSolution
		SolutionGuid = {BB2EB997-76D0-4C56-B3B6-90C9A275F950}
	EndGlobalSection
EndGlobal
